
Microsoft Visual Studio Solution File, Format Version 12.00
# Visual Studio Version 17
VisualStudioVersion = 17.7.34031.279
MinimumVisualStudioVersion = 10.0.40219.1
Project("{FAE04EC0-301F-11D3-BF4B-00C04F79EFBC}") = "User_23", "User_23\User_23.csproj", "{8141337D-56E8-4EB0-9507-37C5F7C9E0D3}"
EndProject
Project("{FAE04EC0-301F-11D3-BF4B-00C04F79EFBC}") = "Posuda.Context", "Posuda.Context\Posuda.Context.csproj", "{59153504-D10E-4CCF-B56F-23E5DEC868AD}"
EndProject
Global
	GlobalSection(SolutionConfigurationPlatforms) = preSolution
		Debug|Any CPU = Debug|Any CPU
		Release|Any CPU = Release|Any CPU
	EndGlobalSection
	GlobalSection(ProjectConfigurationPlatforms) = postSolution
		{8141337D-56E8-4EB0-9507-37C5F7C9E0D3}.Debug|Any CPU.ActiveCfg = Debug|Any CPU
		{8141337D-56E8-4EB0-9507-37C5F7C9E0D3}.Debug|Any CPU.Build.0 = Debug|Any CPU
		{8141337D-56E8-4EB0-9507-37C5F7C9E0D3}.Release|Any CPU.ActiveCfg = Release|Any CPU
		{8141337D-56E8-4EB0-9507-37C5F7C9E0D3}.Release|Any CPU.Build.0 = Release|Any CPU
		{59153504-D10E-4CCF-B56F-23E5DEC868AD}.Debug|Any CPU.ActiveCfg = Debug|Any CPU
		{59153504-D10E-4CCF-B56F-23E5DEC868AD}.Debug|Any CPU.Build.0 = Debug|Any CPU
		{59153504-D10E-4CCF-B56F-23E5DEC868AD}.Release|Any CPU.ActiveCfg = Release|Any CPU
		{59153504-D10E-4CCF-B56F-23E5DEC868AD}.Release|Any CPU.Build.0 = Release|Any CPU
	EndGlobalSection
	GlobalSection(SolutionProperties) = preSolution
		HideSolutionNode = FALSE
	EndGlobalSection
	GlobalSection(ExtensibilityGlobals) = postSolution
		SolutionGuid = {E7925518-6D87-4DCC-8367-1204A0D7B916}
	EndGlobalSection
EndGlobal
